
Microsoft Visual Studio Solution File, Format Version 12.00
# Visual Studio Version 17
VisualStudioVersion = 17.9.34728.123
MinimumVisualStudioVersion = 10.0.40219.1
Project("{FAE04EC0-301F-11D3-BF4B-00C04F79EFBC}") = "CapaPresentancion", "CapaPresentancion\CapaPresentancion.csproj", "{7AFC77E9-6115-4107-8322-20DCDFB954A4}"
EndProject
Project("{FAE04EC0-301F-11D3-BF4B-00C04F79EFBC}") = "CapaDatos", "CapaDatos\CapaDatos.csproj", "{7A697E90-F5A5-4464-A32F-BEAFF6F3CD34}"
EndProject
Project("{FAE04EC0-301F-11D3-BF4B-00C04F79EFBC}") = "CapaNegocio", "CapaNegocio\CapaNegocio.csproj", "{936A6ECA-85F2-4FF2-A09D-87C21173D892}"
EndProject
Global
	GlobalSection(SolutionConfigurationPlatforms) = preSolution
		Debug|Any CPU = Debug|Any CPU
		Release|Any CPU = Release|Any CPU
	EndGlobalSection
	GlobalSection(ProjectConfigurationPlatforms) = postSolution
		{7AFC77E9-6115-4107-8322-20DCDFB954A4}.Debug|Any CPU.ActiveCfg = Debug|Any CPU
		{7AFC77E9-6115-4107-8322-20DCDFB954A4}.Debug|Any CPU.Build.0 = Debug|Any CPU
		{7AFC77E9-6115-4107-8322-20DCDFB954A4}.Release|Any CPU.ActiveCfg = Release|Any CPU
		{7AFC77E9-6115-4107-8322-20DCDFB954A4}.Release|Any CPU.Build.0 = Release|Any CPU
		{7A697E90-F5A5-4464-A32F-BEAFF6F3CD34}.Debug|Any CPU.ActiveCfg = Debug|Any CPU
		{7A697E90-F5A5-4464-A32F-BEAFF6F3CD34}.Debug|Any CPU.Build.0 = Debug|Any CPU
		{7A697E90-F5A5-4464-A32F-BEAFF6F3CD34}.Release|Any CPU.ActiveCfg = Release|Any CPU
		{7A697E90-F5A5-4464-A32F-BEAFF6F3CD34}.Release|Any CPU.Build.0 = Release|Any CPU
		{936A6ECA-85F2-4FF2-A09D-87C21173D892}.Debug|Any CPU.ActiveCfg = Debug|Any CPU
		{936A6ECA-85F2-4FF2-A09D-87C21173D892}.Debug|Any CPU.Build.0 = Debug|Any CPU
		{936A6ECA-85F2-4FF2-A09D-87C21173D892}.Release|Any CPU.ActiveCfg = Release|Any CPU
		{936A6ECA-85F2-4FF2-A09D-87C21173D892}.Release|Any CPU.Build.0 = Release|Any CPU
	EndGlobalSection
	GlobalSection(SolutionProperties) = preSolution
		HideSolutionNode = FALSE
	EndGlobalSection
	GlobalSection(ExtensibilityGlobals) = postSolution
		SolutionGuid = {60F0B942-A8A9-444C-9213-EBAE3EFE8F07}
	EndGlobalSection
EndGlobal
